// !$*UTF8*$!
{
	archiveVersion = 1;
	classes = {
	};
	objectVersion = 46;
	objects = {

/* Begin PBXBuildFile section */
		2D34F49C1E1E3F4600AC3278 /* main.m in Sources */ = {isa = PBXBuildFile; fileRef = 2D34F49B1E1E3F4600AC3278 /* main.m */; };
		2D4D77D91E20BA9700EB3E5C /* cf in CopyFiles */ = {isa = PBXBuildFile; fileRef = 2D4D77D51E20B69B00EB3E5C /* cf */; };
/* End PBXBuildFile section */

/* Begin PBXCopyFilesBuildPhase section */
		2D34F4961E1E3F4500AC3278 /* CopyFiles */ = {
			isa = PBXCopyFilesBuildPhase;
			buildActionMask = 12;
			dstPath = usr/local/bin;
			dstSubfolderSpec = 0;
			files = (
				2D4D77D91E20BA9700EB3E5C /* cf in CopyFiles */,
			);
			runOnlyForDeploymentPostprocessing = 0;
		};
/* End PBXCopyFilesBuildPhase section */

/* Begin PBXFileReference section */
		2D34F4981E1E3F4500AC3278 /* conflict */ = {isa = PBXFileReference; explicitFileType = "compiled.mach-o.executable"; includeInIndex = 0; path = conflict; sourceTree = BUILT_PRODUCTS_DIR; };
		2D34F49B1E1E3F4600AC3278 /* main.m */ = {isa = PBXFileReference; lastKnownFileType = sourcecode.c.objc; path = main.m; sourceTree = "<group>"; };
		2D34F4A31E1E55A100AC3278 /* libc.tbd */ = {isa = PBXFileReference; lastKnownFileType = "sourcecode.text-based-dylib-definition"; name = libc.tbd; path = usr/lib/libc.tbd; sourceTree = SDKROOT; };
		2D34F4A51E1E560600AC3278 /* libc++.1.tbd */ = {isa = PBXFileReference; lastKnownFileType = "sourcecode.text-based-dylib-definition"; name = "libc++.1.tbd"; path = "usr/lib/libc++.1.tbd"; sourceTree = SDKROOT; };
		2D34F4A71E1E569100AC3278 /* libsystem_c.tbd */ = {isa = PBXFileReference; lastKnownFileType = "sourcecode.text-based-dylib-definition"; name = libsystem_c.tbd; path = usr/lib/system/libsystem_c.tbd; sourceTree = SDKROOT; };
		2D34F4AA1E1E56FA00AC3278 /* libSystem.tbd */ = {isa = PBXFileReference; lastKnownFileType = "sourcecode.text-based-dylib-definition"; name = libSystem.tbd; path = usr/lib/libSystem.tbd; sourceTree = SDKROOT; };
		2D34F4AC1E1E571800AC3278 /* dylib1.o */ = {isa = PBXFileReference; lastKnownFileType = "compiled.mach-o.objfile"; name = dylib1.o; path = usr/lib/dylib1.o; sourceTree = SDKROOT; };
		2D4D77D51E20B69B00EB3E5C /* cf */ = {isa = PBXFileReference; lastKnownFileType = text.script.sh; path = cf; sourceTree = "<group>"; };
/* End PBXFileReference section */

/* Begin PBXFrameworksBuildPhase section */
		2D34F4951E1E3F4500AC3278 /* Frameworks */ = {
			isa = PBXFrameworksBuildPhase;
			buildActionMask = 2147483647;
			files = (
			);
			runOnlyForDeploymentPostprocessing = 0;
		};
/* End PBXFrameworksBuildPhase section */

/* Begin PBXGroup section */
		2D34F48F1E1E3F4500AC3278 = {
			isa = PBXGroup;
			children = (
				2D34F49A1E1E3F4600AC3278 /* ConflictTool */,
				2D34F4991E1E3F4500AC3278 /* Products */,
				2D34F4A21E1E55A100AC3278 /* Frameworks */,
			);
			sourceTree = "<group>";
		};
		2D34F4991E1E3F4500AC3278 /* Products */ = {
			isa = PBXGroup;
			children = (
				2D34F4981E1E3F4500AC3278 /* conflict */,
			);
			name = Products;
			sourceTree = "<group>";
		};
		2D34F49A1E1E3F4600AC3278 /* ConflictTool */ = {
			isa = PBXGroup;
			children = (
				2D34F49B1E1E3F4600AC3278 /* main.m */,
				2D4D77D51E20B69B00EB3E5C /* cf */,
			);
			path = ConflictTool;
			sourceTree = "<group>";
		};
		2D34F4A21E1E55A100AC3278 /* Frameworks */ = {
			isa = PBXGroup;
			children = (
				2D34F4AC1E1E571800AC3278 /* dylib1.o */,
				2D34F4AA1E1E56FA00AC3278 /* libSystem.tbd */,
				2D34F4A71E1E569100AC3278 /* libsystem_c.tbd */,
				2D34F4A51E1E560600AC3278 /* libc++.1.tbd */,
				2D34F4A31E1E55A100AC3278 /* libc.tbd */,
			);
			name = Frameworks;
			sourceTree = "<group>";
		};
/* End PBXGroup section */

/* Begin PBXNativeTarget section */
		2D34F4971E1E3F4500AC3278 /* ConflictTool */ = {
			isa = PBXNativeTarget;
			buildConfigurationList = 2D34F49F1E1E3F4600AC3278 /* Build configuration list for PBXNativeTarget "ConflictTool" */;
			buildPhases = (
				2D34F4941E1E3F4500AC3278 /* Sources */,
				2D34F4951E1E3F4500AC3278 /* Frameworks */,
				2D34F4961E1E3F4500AC3278 /* CopyFiles */,
				2D4D77D71E20B7CF00EB3E5C /* ShellScript */,
			);
			buildRules = (
			);
			dependencies = (
			);
			name = ConflictTool;
			productName = ConflictTool;
			productReference = 2D34F4981E1E3F4500AC3278 /* conflict */;
			productType = "com.apple.product-type.tool";
		};
/* End PBXNativeTarget section */

/* Begin PBXProject section */
		2D34F4901E1E3F4500AC3278 /* Project object */ = {
			isa = PBXProject;
			attributes = {
				LastUpgradeCheck = 0820;
				ORGANIZATIONNAME = guanche;
				TargetAttributes = {
					2D34F4971E1E3F4500AC3278 = {
						CreatedOnToolsVersion = 8.2.1;
						ProvisioningStyle = Automatic;
					};
				};
			};
			buildConfigurationList = 2D34F4931E1E3F4500AC3278 /* Build configuration list for PBXProject "ConflictTool" */;
			compatibilityVersion = "Xcode 3.2";
			developmentRegion = English;
			hasScannedForEncodings = 0;
			knownRegions = (
				en,
			);
			mainGroup = 2D34F48F1E1E3F4500AC3278;
			productRefGroup = 2D34F4991E1E3F4500AC3278 /* Products */;
			projectDirPath = "";
			projectRoot = "";
			targets = (
				2D34F4971E1E3F4500AC3278 /* ConflictTool */,
			);
		};
/* End PBXProject section */

/* Begin PBXShellScriptBuildPhase section */
		2D4D77D71E20B7CF00EB3E5C /* ShellScript */ = {
			isa = PBXShellScriptBuildPhase;
			buildActionMask = 2147483647;
			files = (
			);
			inputPaths = (
			);
			outputPaths = (
			);
			runOnlyForDeploymentPostprocessing = 0;
			shellPath = /bin/sh;
			shellScript = "chmod a+x \"/usr/local/bin/cf\"\nditto \"${TARGET_BUILD_DIR}/${PRODUCT_NAME}\" \"/usr/local/bin/\"\nchmod a+x \"/usr/local/bin/${PRODUCT_NAME}\"";
		};
/* End PBXShellScriptBuildPhase section */

/* Begin PBXSourcesBuildPhase section */
		2D34F4941E1E3F4500AC3278 /* Sources */ = {
			isa = PBXSourcesBuildPhase;
			buildActionMask = 2147483647;
			files = (
				2D34F49C1E1E3F4600AC3278 /* main.m in Sources */,
			);
			runOnlyForDeploymentPostprocessing = 0;
		};
/* End PBXSourcesBuildPhase section */

/* Begin XCBuildConfiguration section */
		2D34F49D1E1E3F4600AC3278 /* Debug */ = {
			isa = XCBuildConfiguration;
			buildSettings = {
				ALWAYS_SEARCH_USER_PATHS = NO;
				CLANG_ANALYZER_NONNULL = YES;
				CLANG_CXX_LANGUAGE_STANDARD = "gnu++0x";
				CLANG_CXX_LIBRARY = "libc++";
				CLANG_ENABLE_MODULES = YES;
				CLANG_ENABLE_OBJC_ARC = YES;
				CLANG_WARN_BOOL_CONVERSION = YES;
				CLANG_WARN_CONSTANT_CONVERSION = YES;
				CLANG_WARN_DIRECT_OBJC_ISA_USAGE = YES_ERROR;
				CLANG_WARN_DOCUMENTATION_COMMENTS = YES;
				CLANG_WARN_EMPTY_BODY = YES;
				CLANG_WARN_ENUM_CONVERSION = YES;
				CLANG_WARN_INFINITE_RECURSION = YES;
				CLANG_WARN_INT_CONVERSION = YES;
				CLANG_WARN_OBJC_ROOT_CLASS = YES_ERROR;
				CLANG_WARN_SUSPICIOUS_MOVE = YES;
				CLANG_WARN_UNREACHABLE_CODE = YES;
				CLANG_WARN__DUPLICATE_METHOD_MATCH = YES;
				CODE_SIGN_IDENTITY = "-";
				COPY_PHASE_STRIP = NO;
				DEBUG_INFORMATION_FORMAT = dwarf;
				ENABLE_STRICT_OBJC_MSGSEND = YES;
				ENABLE_TESTABILITY = YES;
				GCC_C_LANGUAGE_STANDARD = gnu99;
				GCC_DYNAMIC_NO_PIC = NO;
				GCC_NO_COMMON_BLOCKS = YES;
				GCC_OPTIMIZATION_LEVEL = 0;
				GCC_PREPROCESSOR_DEFINITIONS = (
					"DEBUG=1",
					"$(inherited)",
				);
				GCC_WARN_64_TO_32_BIT_CONVERSION = YES;
				GCC_WARN_ABOUT_RETURN_TYPE = YES_ERROR;
				GCC_WARN_UNDECLARED_SELECTOR = YES;
				GCC_WARN_UNINITIALIZED_AUTOS = YES_AGGRESSIVE;
				GCC_WARN_UNUSED_FUNCTION = YES;
				GCC_WARN_UNUSED_VARIABLE = YES;
				MACOSX_DEPLOYMENT_TARGET = 10.12;
				MTL_ENABLE_DEBUG_INFO = YES;
				ONLY_ACTIVE_ARCH = YES;
				SDKROOT = macosx;
			};
			name = Debug;
		};
		2D34F49E1E1E3F4600AC3278 /* Release */ = {
			isa = XCBuildConfiguration;
			buildSettings = {
				ALWAYS_SEARCH_USER_PATHS = NO;
				CLANG_ANALYZER_NONNULL = YES;
				CLANG_CXX_LANGUAGE_STANDARD = "gnu++0x";
				CLANG_CXX_LIBRARY = "libc++";
				CLANG_ENABLE_MODULES = YES;
				CLANG_ENABLE_OBJC_ARC = YES;
				CLANG_WARN_BOOL_CONVERSION = YES;
				CLANG_WARN_CONSTANT_CONVERSION = YES;
				CLANG_WARN_DIRECT_OBJC_ISA_USAGE = YES_ERROR;
				CLANG_WARN_DOCUMENTATION_COMMENTS = YES;
				CLANG_WARN_EMPTY_BODY = YES;
				CLANG_WARN_ENUM_CONVERSION = YES;
				CLANG_WARN_INFINITE_RECURSION = YES;
				CLANG_WARN_INT_CONVERSION = YES;
				CLANG_WARN_OBJC_ROOT_CLASS = YES_ERROR;
				CLANG_WARN_SUSPICIOUS_MOVE = YES;
				CLANG_WARN_UNREACHABLE_CODE = YES;
				CLANG_WARN__DUPLICATE_METHOD_MATCH = YES;
				CODE_SIGN_IDENTITY = "-";
				COPY_PHASE_STRIP = NO;
				DEBUG_INFORMATION_FORMAT = "dwarf-with-dsym";
				ENABLE_NS_ASSERTIONS = NO;
				ENABLE_STRICT_OBJC_MSGSEND = YES;
				GCC_C_LANGUAGE_STANDARD = gnu99;
				GCC_NO_COMMON_BLOCKS = YES;
				GCC_WARN_64_TO_32_BIT_CONVERSION = YES;
				GCC_WARN_ABOUT_RETURN_TYPE = YES_ERROR;
				GCC_WARN_UNDECLARED_SELECTOR = YES;
				GCC_WARN_UNINITIALIZED_AUTOS = YES_AGGRESSIVE;
				GCC_WARN_UNUSED_FUNCTION = YES;
				GCC_WARN_UNUSED_VARIABLE = YES;
				MACOSX_DEPLOYMENT_TARGET = 10.12;
				MTL_ENABLE_DEBUG_INFO = NO;
				SDKROOT = macosx;
			};
			name = Release;
		};
		2D34F4A01E1E3F4600AC3278 /* Debug */ = {
			isa = XCBuildConfiguration;
			buildSettings = {
				LIBRARY_SEARCH_PATHS = (
					"$(inherited)",
					"$(SDKROOT)/usr/lib/system",
				);
				MACOSX_DEPLOYMENT_TARGET = 10.10;
				PRODUCT_NAME = conflict;
			};
			name = Debug;
		};
		2D34F4A11E1E3F4600AC3278 /* Release */ = {
			isa = XCBuildConfiguration;
			buildSettings = {
				LIBRARY_SEARCH_PATHS = (
					"$(inherited)",
					"$(SDKROOT)/usr/lib/system",
				);
				MACOSX_DEPLOYMENT_TARGET = 10.10;
				PRODUCT_NAME = conflict;
			};
			name = Release;
		};
/* End XCBuildConfiguration section */

/* Begin XCConfigurationList section */
		2D34F4931E1E3F4500AC3278 /* Build configuration list for PBXProject "ConflictTool" */ = {
			isa = XCConfigurationList;
			buildConfigurations = (
				2D34F49D1E1E3F4600AC3278 /* Debug */,
				2D34F49E1E1E3F4600AC3278 /* Release */,
			);
			defaultConfigurationIsVisible = 0;
			defaultConfigurationName = Release;
		};
		2D34F49F1E1E3F4600AC3278 /* Build configuration list for PBXNativeTarget "ConflictTool" */ = {
			isa = XCConfigurationList;
			buildConfigurations = (
				2D34F4A01E1E3F4600AC3278 /* Debug */,
				2D34F4A11E1E3F4600AC3278 /* Release */,
			);
			defaultConfigurationIsVisible = 0;
			defaultConfigurationName = Release;
		};
/* End XCConfigurationList section */
	};
	rootObject = 2D34F4901E1E3F4500AC3278 /* Project object */;
}
